# This file is generated by running "yarn install" inside your project.
# Manual changes might be lost - proceed with caution!

__metadata:
  version: 5
  cacheKey: 8

"clone@npm:2.1.1":
  version: 2.1.1
  resolution: "clone@npm:2.1.1"
  checksum: 70686162e82096fb515f1506c21d6f07b5a033829360a0849984134fe1f28576e8864c14c1cabe941bc122838ca026af6e966edbcea70976ddaae054841a378d
  languageName: node
  linkType: hard

"is-array@npm:1.0.1":
  version: 1.0.1
  resolution: "is-array@npm:1.0.1"
  checksum: 137ce72a039a8ac1e5f0080e01a9dc704625d18e2aaf67bb1b13a9e7171d19821e539c95b9423591e500401695380af6dfd8198ec6581d6b1ed81af04f5ceb14
  languageName: node
  linkType: hard

"jquery@npm:2.1.2":
  version: 2.1.2
  resolution: "jquery@npm:2.1.2"
  checksum: 3c597d7f483d76a5fc227452a337caa5b1f8e2943712e8124031e5997cbbe06e7c2fae2722eaf2cfb640be6f6775bf916e8a812c6da661e0aff12968cd40dd26
  languageName: node
  linkType: hard

"opencolor@npm:^0.2.0":
  version: 0.2.0
  resolution: "opencolor@npm:0.2.0"
  dependencies:
    tinycolor2: ^1.3.0
  checksum: 7bf5d0b3b7108678151219e5e7ae50487e4dc296afc735632ce4529a25285c893699be6f58322d38619323eece4f6f07acb22f42929c73454b4711e3115c6c3d
  languageName: node
  linkType: hard

"pkg-a@1.0.0, pkg-a@workspace:packages/pkg-a":
  version: 0.0.0-use.local
  resolution: "pkg-a@workspace:packages/pkg-a"
  dependencies:
    is-array: 1.0.1
    opencolor: ^0.2.0
  languageName: unknown
  linkType: soft

"pkg-b@1.0.0, pkg-b@workspace:packages/pkg-b":
  version: 0.0.0-use.local
  resolution: "pkg-b@workspace:packages/pkg-b"
  dependencies:
    clone: 2.1.1
    is-array: 1.0.1
    opencolor: ^0.2.0
    pkg-a: 1.0.0
  languageName: unknown
  linkType: soft

"root-workspace-0b6124@workspace:.":
  version: 0.0.0-use.local
  resolution: "root-workspace-0b6124@workspace:."
  dependencies:
    jquery: 2.1.2
    pkg-b: 1.0.0
  languageName: unknown
  linkType: soft

"tinycolor2@npm:^1.3.0":
  version: 1.4.1
  resolution: "tinycolor2@npm:1.4.1"
  checksum: ffc22d986690ea713e1d1cba51ae3750711b6d825b47da1818a736eabf46f474cfc672d4b01f43153486e939f5c2d2cebae0a0afb285e0ce9a4d327f5c04a615
  languageName: node
  linkType: hard
