# This file is generated by running "yarn install" inside your project.
# Manual changes might be lost - proceed with caution!

__metadata:
  version: 5
  cacheKey: 8

"clone@npm:2.1.1":
  version: 2.1.1
  resolution: "clone@npm:2.1.1"
  checksum: 70686162e82096fb515f1506c21d6f07b5a033829360a0849984134fe1f28576e8864c14c1cabe941bc122838ca026af6e966edbcea70976ddaae054841a378d
  languageName: node
  linkType: hard

"is-array@npm:1.0.1":
  version: 1.0.1
  resolution: "is-array@npm:1.0.1"
  checksum: 137ce72a039a8ac1e5f0080e01a9dc704625d18e2aaf67bb1b13a9e7171d19821e539c95b9423591e500401695380af6dfd8198ec6581d6b1ed81af04f5ceb14
  languageName: node
  linkType: hard

"jquery@npm:3.6.0":
  version: 3.6.0
  resolution: "jquery@npm:3.6.0"
  checksum: 8fd5fef4aa48fd374ec716dd1c1df1af407814a228e15c1260ca140de3a697c2a77c30c54ff1d238b6a3ab4ddc445ddeef9adce6c6d28e4869d85eb9d3951c0e
  languageName: node
  linkType: hard

"opencolor@npm:^0.1.0":
  version: 0.1.0
  resolution: "opencolor@npm:0.1.0"
  dependencies:
    tinycolor2: ^1.3.0
  checksum: 42e9e38a815358b752e2f231853fe4274476bfd049003e6838b324f81e4c618a22a548436a5ab4239ef53b6c21390a3f55fe3148497448316827978d546113be
  languageName: node
  linkType: hard

"pkg-a@1.0.0, pkg-a@workspace:packages/pkg-a":
  version: 0.0.0-use.local
  resolution: "pkg-a@workspace:packages/pkg-a"
  dependencies:
    is-array: 1.0.1
    opencolor: ^0.1.0
  languageName: unknown
  linkType: soft

"pkg-b@1.0.0, pkg-b@workspace:packages/pkg-b":
  version: 0.0.0-use.local
  resolution: "pkg-b@workspace:packages/pkg-b"
  dependencies:
    clone: 2.1.1
    is-array: 1.0.1
    opencolor: ^0.1.0
    pkg-a: 1.0.0
  languageName: unknown
  linkType: soft

"root-workspace-0b6124@workspace:.":
  version: 0.0.0-use.local
  resolution: "root-workspace-0b6124@workspace:."
  dependencies:
    jquery: 3.6.0
    pkg-b: 1.0.0
  languageName: unknown
  linkType: soft

"tinycolor2@npm:^1.3.0":
  version: 1.4.1
  resolution: "tinycolor2@npm:1.4.1"
  checksum: ffc22d986690ea713e1d1cba51ae3750711b6d825b47da1818a736eabf46f474cfc672d4b01f43153486e939f5c2d2cebae0a0afb285e0ce9a4d327f5c04a615
  languageName: node
  linkType: hard
